
Microsoft Visual Studio Solution File, Format Version 12.00
# Visual Studio Version 16
VisualStudioVersion = 16.0.31911.196
MinimumVisualStudioVersion = 10.0.40219.1
Project("{FAE04EC0-301F-11D3-BF4B-00C04F79EFBC}") = "HandsOnStaticMembers", "HandsOnStaticMembers\HandsOnStaticMembers.csproj", "{98F8AEEB-562F-4E5E-A63D-E3DB062C3394}"
EndProject
Global
	GlobalSection(SolutionConfigurationPlatforms) = preSolution
		Debug|Any CPU = Debug|Any CPU
		Release|Any CPU = Release|Any CPU
	EndGlobalSection
	GlobalSection(ProjectConfigurationPlatforms) = postSolution
		{98F8AEEB-562F-4E5E-A63D-E3DB062C3394}.Debug|Any CPU.ActiveCfg = Debug|Any CPU
		{98F8AEEB-562F-4E5E-A63D-E3DB062C3394}.Debug|Any CPU.Build.0 = Debug|Any CPU
		{98F8AEEB-562F-4E5E-A63D-E3DB062C3394}.Release|Any CPU.ActiveCfg = Release|Any CPU
		{98F8AEEB-562F-4E5E-A63D-E3DB062C3394}.Release|Any CPU.Build.0 = Release|Any CPU
	EndGlobalSection
	GlobalSection(SolutionProperties) = preSolution
		HideSolutionNode = FALSE
	EndGlobalSection
	GlobalSection(ExtensibilityGlobals) = postSolution
		SolutionGuid = {A9D59116-5943-4DE5-A08A-87C0410CA8DB}
	EndGlobalSection
EndGlobal
