
Microsoft Visual Studio Solution File, Format Version 12.00
# Visual Studio Version 16
VisualStudioVersion = 16.0.31911.196
MinimumVisualStudioVersion = 10.0.40219.1
Project("{FAE04EC0-301F-11D3-BF4B-00C04F79EFBC}") = "HandsOnIterativeStatements", "HandsOnIterativeStatements.csproj", "{F8842CBC-3AA6-49D0-BC82-E34B01D65B86}"
EndProject
Global
	GlobalSection(SolutionConfigurationPlatforms) = preSolution
		Debug|Any CPU = Debug|Any CPU
		Release|Any CPU = Release|Any CPU
	EndGlobalSection
	GlobalSection(ProjectConfigurationPlatforms) = postSolution
		{F8842CBC-3AA6-49D0-BC82-E34B01D65B86}.Debug|Any CPU.ActiveCfg = Debug|Any CPU
		{F8842CBC-3AA6-49D0-BC82-E34B01D65B86}.Debug|Any CPU.Build.0 = Debug|Any CPU
		{F8842CBC-3AA6-49D0-BC82-E34B01D65B86}.Release|Any CPU.ActiveCfg = Release|Any CPU
		{F8842CBC-3AA6-49D0-BC82-E34B01D65B86}.Release|Any CPU.Build.0 = Release|Any CPU
	EndGlobalSection
	GlobalSection(SolutionProperties) = preSolution
		HideSolutionNode = FALSE
	EndGlobalSection
	GlobalSection(ExtensibilityGlobals) = postSolution
		SolutionGuid = {36B1D066-2323-4B85-B604-AB80A0D6C65E}
	EndGlobalSection
EndGlobal
