
Microsoft Visual Studio Solution File, Format Version 12.00
# Visual Studio Version 16
VisualStudioVersion = 16.0.31911.196
MinimumVisualStudioVersion = 10.0.40219.1
Project("{FAE04EC0-301F-11D3-BF4B-00C04F79EFBC}") = "HandsOnProperties", "HandsOnProperties\HandsOnProperties.csproj", "{07A7C342-BF5A-4C07-AB55-5A2F7B86542D}"
EndProject
Global
	GlobalSection(SolutionConfigurationPlatforms) = preSolution
		Debug|Any CPU = Debug|Any CPU
		Release|Any CPU = Release|Any CPU
	EndGlobalSection
	GlobalSection(ProjectConfigurationPlatforms) = postSolution
		{07A7C342-BF5A-4C07-AB55-5A2F7B86542D}.Debug|Any CPU.ActiveCfg = Debug|Any CPU
		{07A7C342-BF5A-4C07-AB55-5A2F7B86542D}.Debug|Any CPU.Build.0 = Debug|Any CPU
		{07A7C342-BF5A-4C07-AB55-5A2F7B86542D}.Release|Any CPU.ActiveCfg = Release|Any CPU
		{07A7C342-BF5A-4C07-AB55-5A2F7B86542D}.Release|Any CPU.Build.0 = Release|Any CPU
	EndGlobalSection
	GlobalSection(SolutionProperties) = preSolution
		HideSolutionNode = FALSE
	EndGlobalSection
	GlobalSection(ExtensibilityGlobals) = postSolution
		SolutionGuid = {C6AD9933-521B-477A-97C3-5666B11191A4}
	EndGlobalSection
EndGlobal
