
Microsoft Visual Studio Solution File, Format Version 12.00
# Visual Studio Version 16
VisualStudioVersion = 16.0.31911.196
MinimumVisualStudioVersion = 10.0.40219.1
Project("{FAE04EC0-301F-11D3-BF4B-00C04F79EFBC}") = "EmployeeEntity", "EmployeeEntity\EmployeeEntity.csproj", "{602355F7-4EFE-4A23-BD31-8A7DC99A9EC0}"
EndProject
Project("{FAE04EC0-301F-11D3-BF4B-00C04F79EFBC}") = "CalculateService", "CalculateService\CalculateService.csproj", "{F7073A70-0B83-41D3-A729-8028E86DC580}"
EndProject
Global
	GlobalSection(SolutionConfigurationPlatforms) = preSolution
		Debug|Any CPU = Debug|Any CPU
		Release|Any CPU = Release|Any CPU
	EndGlobalSection
	GlobalSection(ProjectConfigurationPlatforms) = postSolution
		{602355F7-4EFE-4A23-BD31-8A7DC99A9EC0}.Debug|Any CPU.ActiveCfg = Debug|Any CPU
		{602355F7-4EFE-4A23-BD31-8A7DC99A9EC0}.Debug|Any CPU.Build.0 = Debug|Any CPU
		{602355F7-4EFE-4A23-BD31-8A7DC99A9EC0}.Release|Any CPU.ActiveCfg = Release|Any CPU
		{602355F7-4EFE-4A23-BD31-8A7DC99A9EC0}.Release|Any CPU.Build.0 = Release|Any CPU
		{F7073A70-0B83-41D3-A729-8028E86DC580}.Debug|Any CPU.ActiveCfg = Debug|Any CPU
		{F7073A70-0B83-41D3-A729-8028E86DC580}.Debug|Any CPU.Build.0 = Debug|Any CPU
		{F7073A70-0B83-41D3-A729-8028E86DC580}.Release|Any CPU.ActiveCfg = Release|Any CPU
		{F7073A70-0B83-41D3-A729-8028E86DC580}.Release|Any CPU.Build.0 = Release|Any CPU
	EndGlobalSection
	GlobalSection(SolutionProperties) = preSolution
		HideSolutionNode = FALSE
	EndGlobalSection
	GlobalSection(ExtensibilityGlobals) = postSolution
		SolutionGuid = {D37D0501-0D4B-44C8-BDA7-097B8CBA02A1}
	EndGlobalSection
EndGlobal
